
Microsoft Visual Studio Solution File, Format Version 12.00
# Visual Studio Version 17
VisualStudioVersion = 17.5.33424.131
MinimumVisualStudioVersion = 10.0.40219.1
Project("{FAE04EC0-301F-11D3-BF4B-00C04F79EFBC}") = "001_bmi", "001_bmi\001_bmi.csproj", "{81749B00-5641-4A5F-815C-9A885DB48104}"
EndProject
Project("{FAE04EC0-301F-11D3-BF4B-00C04F79EFBC}") = "002_bmi", "002_bmi\002_bmi.csproj", "{9BE0101F-41EA-471C-A3AA-2F42FB0A4497}"
EndProject
Project("{FAE04EC0-301F-11D3-BF4B-00C04F79EFBC}") = "003_", "003_\003_.csproj", "{8B3C65E6-D44B-4911-9F87-EF4E9B24D23A}"
EndProject
Project("{FAE04EC0-301F-11D3-BF4B-00C04F79EFBC}") = "004_Hello", "004_Hello\004_Hello.csproj", "{F6D1B197-5CA5-47D3-B46A-1C4E379C63F0}"
EndProject
Project("{FAE04EC0-301F-11D3-BF4B-00C04F79EFBC}") = "005_Login", "005_Login\005_Login.csproj", "{CDF19DB5-2131-47FF-85B8-F94958498F6B}"
EndProject
Global
	GlobalSection(SolutionConfigurationPlatforms) = preSolution
		Debug|Any CPU = Debug|Any CPU
		Release|Any CPU = Release|Any CPU
	EndGlobalSection
	GlobalSection(ProjectConfigurationPlatforms) = postSolution
		{81749B00-5641-4A5F-815C-9A885DB48104}.Debug|Any CPU.ActiveCfg = Debug|Any CPU
		{81749B00-5641-4A5F-815C-9A885DB48104}.Debug|Any CPU.Build.0 = Debug|Any CPU
		{81749B00-5641-4A5F-815C-9A885DB48104}.Release|Any CPU.ActiveCfg = Release|Any CPU
		{81749B00-5641-4A5F-815C-9A885DB48104}.Release|Any CPU.Build.0 = Release|Any CPU
		{9BE0101F-41EA-471C-A3AA-2F42FB0A4497}.Debug|Any CPU.ActiveCfg = Debug|Any CPU
		{9BE0101F-41EA-471C-A3AA-2F42FB0A4497}.Debug|Any CPU.Build.0 = Debug|Any CPU
		{9BE0101F-41EA-471C-A3AA-2F42FB0A4497}.Release|Any CPU.ActiveCfg = Release|Any CPU
		{9BE0101F-41EA-471C-A3AA-2F42FB0A4497}.Release|Any CPU.Build.0 = Release|Any CPU
		{8B3C65E6-D44B-4911-9F87-EF4E9B24D23A}.Debug|Any CPU.ActiveCfg = Debug|Any CPU
		{8B3C65E6-D44B-4911-9F87-EF4E9B24D23A}.Debug|Any CPU.Build.0 = Debug|Any CPU
		{8B3C65E6-D44B-4911-9F87-EF4E9B24D23A}.Release|Any CPU.ActiveCfg = Release|Any CPU
		{8B3C65E6-D44B-4911-9F87-EF4E9B24D23A}.Release|Any CPU.Build.0 = Release|Any CPU
		{F6D1B197-5CA5-47D3-B46A-1C4E379C63F0}.Debug|Any CPU.ActiveCfg = Debug|Any CPU
		{F6D1B197-5CA5-47D3-B46A-1C4E379C63F0}.Debug|Any CPU.Build.0 = Debug|Any CPU
		{F6D1B197-5CA5-47D3-B46A-1C4E379C63F0}.Release|Any CPU.ActiveCfg = Release|Any CPU
		{F6D1B197-5CA5-47D3-B46A-1C4E379C63F0}.Release|Any CPU.Build.0 = Release|Any CPU
		{CDF19DB5-2131-47FF-85B8-F94958498F6B}.Debug|Any CPU.ActiveCfg = Debug|Any CPU
		{CDF19DB5-2131-47FF-85B8-F94958498F6B}.Debug|Any CPU.Build.0 = Debug|Any CPU
		{CDF19DB5-2131-47FF-85B8-F94958498F6B}.Release|Any CPU.ActiveCfg = Release|Any CPU
		{CDF19DB5-2131-47FF-85B8-F94958498F6B}.Release|Any CPU.Build.0 = Release|Any CPU
	EndGlobalSection
	GlobalSection(SolutionProperties) = preSolution
		HideSolutionNode = FALSE
	EndGlobalSection
	GlobalSection(ExtensibilityGlobals) = postSolution
		SolutionGuid = {5E965D30-5714-44A0-8629-89399CB12F48}
	EndGlobalSection
EndGlobal
