
Microsoft Visual Studio Solution File, Format Version 12.00
# Visual Studio Version 17
VisualStudioVersion = 17.5.33424.131
MinimumVisualStudioVersion = 10.0.40219.1
Project("{FAE04EC0-301F-11D3-BF4B-00C04F79EFBC}") = "001_bmi", "001_bmi\001_bmi.csproj", "{81749B00-5641-4A5F-815C-9A885DB48104}"
EndProject
Project("{FAE04EC0-301F-11D3-BF4B-00C04F79EFBC}") = "002_bmi", "002_bmi\002_bmi.csproj", "{9BE0101F-41EA-471C-A3AA-2F42FB0A4497}"
EndProject
Project("{FAE04EC0-301F-11D3-BF4B-00C04F79EFBC}") = "003_", "003_\003_.csproj", "{8B3C65E6-D44B-4911-9F87-EF4E9B24D23A}"
EndProject
Project("{FAE04EC0-301F-11D3-BF4B-00C04F79EFBC}") = "004_Hello", "004_Hello\004_Hello.csproj", "{F6D1B197-5CA5-47D3-B46A-1C4E379C63F0}"
EndProject
Project("{FAE04EC0-301F-11D3-BF4B-00C04F79EFBC}") = "005_Login", "005_Login\005_Login.csproj", "{CDF19DB5-2131-47FF-85B8-F94958498F6B}"
EndProject
Project("{FAE04EC0-301F-11D3-BF4B-00C04F79EFBC}") = "006_BasicControls", "006_BasicControls\006_BasicControls.csproj", "{911700BE-7AF4-4B44-87BE-4A4B226548C1}"
EndProject
Project("{FAE04EC0-301F-11D3-BF4B-00C04F79EFBC}") = "007_MessageBoxes", "007_MessageBoxes\007_MessageBoxes.csproj", "{A4C9F136-1C73-47BC-BD9B-C12C07471E8D}"
EndProject
Project("{FAE04EC0-301F-11D3-BF4B-00C04F79EFBC}") = "008_Label", "008_Label\008_Label.csproj", "{60912EBB-6979-4CE2-8A53-B6F44407D96E}"
EndProject
Project("{FAE04EC0-301F-11D3-BF4B-00C04F79EFBC}") = "009_CheckBox", "009_CheckBox\009_CheckBox.csproj", "{682BE67C-8FCD-4C59-9043-B1F7080F6404}"
EndProject
Project("{FAE04EC0-301F-11D3-BF4B-00C04F79EFBC}") = "010_RadioButton", "010_RadioButton\010_RadioButton.csproj", "{F19D613C-C933-48CA-B288-706C47186D33}"
EndProject
Project("{FAE04EC0-301F-11D3-BF4B-00C04F79EFBC}") = "011_ScoreCalc", "011_ScoreCalc\011_ScoreCalc.csproj", "{1D314373-FAC9-4208-9C2A-479FE4E92B3A}"
EndProject
Project("{FAE04EC0-301F-11D3-BF4B-00C04F79EFBC}") = "012_for", "012_for\012_for.csproj", "{79759631-53FA-43AD-8EE5-64C9EEB3F2D2}"
EndProject
Project("{FAE04EC0-301F-11D3-BF4B-00C04F79EFBC}") = "013_Array", "013_Array\013_Array.csproj", "{61C03F57-114A-427F-BE89-3D49F68FB28E}"
EndProject
Project("{FAE04EC0-301F-11D3-BF4B-00C04F79EFBC}") = "014_Class", "014_Class\014_Class.csproj", "{159D0B09-057A-4360-AF04-1E933DB8B133}"
EndProject
Project("{FAE04EC0-301F-11D3-BF4B-00C04F79EFBC}") = "015_Chart", "015_Chart\015_Chart.csproj", "{E28D0242-98B8-4A29-B5A2-16E59690D14E}"
EndProject
Project("{FAE04EC0-301F-11D3-BF4B-00C04F79EFBC}") = "016_TwoChartAreas", "016_TwoChart\016_TwoChartAreas.csproj", "{138ABAC0-F798-4832-A9E8-EDD094841D7C}"
EndProject
Project("{FAE04EC0-301F-11D3-BF4B-00C04F79EFBC}") = "017_ChartBasic", "017_chart2\017_ChartBasic.csproj", "{1B1B29C7-6701-4B8C-AF1D-A32941254FC3}"
EndProject
Project("{FAE04EC0-301F-11D3-BF4B-00C04F79EFBC}") = "018_Graph", "018_Graph\018_Graph.csproj", "{4BA3A9C9-9FE5-45FA-B564-E6DA779DC5EB}"
EndProject
Project("{FAE04EC0-301F-11D3-BF4B-00C04F79EFBC}") = "019_Timer", "019_Timer\019_Timer.csproj", "{3CC0DCDB-5069-4BC0-A321-F43B3818AC94}"
EndProject
Project("{FAE04EC0-301F-11D3-BF4B-00C04F79EFBC}") = "020_FormClock", "020_FormClock\020_FormClock.csproj", "{80A0C6AE-ED1A-4283-9FCA-8CC9C8B1D7CD}"
EndProject
Project("{FAE04EC0-301F-11D3-BF4B-00C04F79EFBC}") = "021_firebase", "021_firebase\021_firebase.csproj", "{87814133-1E12-4856-A22C-DCCD06D8BEFD}"
EndProject
Project("{FAE04EC0-301F-11D3-BF4B-00C04F79EFBC}") = "022_firebase", "022_firebase\022_firebase.csproj", "{A19E6357-B82F-4C76-AF51-85ECEB90AF1C}"
EndProject
Project("{FAE04EC0-301F-11D3-BF4B-00C04F79EFBC}") = "023_TwoForms", "023_TwoForms\023_TwoForms.csproj", "{9F46452A-F66A-4253-8D4E-A2DD5C17ADF4}"
EndProject
Global
	GlobalSection(SolutionConfigurationPlatforms) = preSolution
		Debug|Any CPU = Debug|Any CPU
		Release|Any CPU = Release|Any CPU
	EndGlobalSection
	GlobalSection(ProjectConfigurationPlatforms) = postSolution
		{81749B00-5641-4A5F-815C-9A885DB48104}.Debug|Any CPU.ActiveCfg = Debug|Any CPU
		{81749B00-5641-4A5F-815C-9A885DB48104}.Debug|Any CPU.Build.0 = Debug|Any CPU
		{81749B00-5641-4A5F-815C-9A885DB48104}.Release|Any CPU.ActiveCfg = Release|Any CPU
		{81749B00-5641-4A5F-815C-9A885DB48104}.Release|Any CPU.Build.0 = Release|Any CPU
		{9BE0101F-41EA-471C-A3AA-2F42FB0A4497}.Debug|Any CPU.ActiveCfg = Debug|Any CPU
		{9BE0101F-41EA-471C-A3AA-2F42FB0A4497}.Debug|Any CPU.Build.0 = Debug|Any CPU
		{9BE0101F-41EA-471C-A3AA-2F42FB0A4497}.Release|Any CPU.ActiveCfg = Release|Any CPU
		{9BE0101F-41EA-471C-A3AA-2F42FB0A4497}.Release|Any CPU.Build.0 = Release|Any CPU
		{8B3C65E6-D44B-4911-9F87-EF4E9B24D23A}.Debug|Any CPU.ActiveCfg = Debug|Any CPU
		{8B3C65E6-D44B-4911-9F87-EF4E9B24D23A}.Debug|Any CPU.Build.0 = Debug|Any CPU
		{8B3C65E6-D44B-4911-9F87-EF4E9B24D23A}.Release|Any CPU.ActiveCfg = Release|Any CPU
		{8B3C65E6-D44B-4911-9F87-EF4E9B24D23A}.Release|Any CPU.Build.0 = Release|Any CPU
		{F6D1B197-5CA5-47D3-B46A-1C4E379C63F0}.Debug|Any CPU.ActiveCfg = Debug|Any CPU
		{F6D1B197-5CA5-47D3-B46A-1C4E379C63F0}.Debug|Any CPU.Build.0 = Debug|Any CPU
		{F6D1B197-5CA5-47D3-B46A-1C4E379C63F0}.Release|Any CPU.ActiveCfg = Release|Any CPU
		{F6D1B197-5CA5-47D3-B46A-1C4E379C63F0}.Release|Any CPU.Build.0 = Release|Any CPU
		{CDF19DB5-2131-47FF-85B8-F94958498F6B}.Debug|Any CPU.ActiveCfg = Debug|Any CPU
		{CDF19DB5-2131-47FF-85B8-F94958498F6B}.Debug|Any CPU.Build.0 = Debug|Any CPU
		{CDF19DB5-2131-47FF-85B8-F94958498F6B}.Release|Any CPU.ActiveCfg = Release|Any CPU
		{CDF19DB5-2131-47FF-85B8-F94958498F6B}.Release|Any CPU.Build.0 = Release|Any CPU
		{911700BE-7AF4-4B44-87BE-4A4B226548C1}.Debug|Any CPU.ActiveCfg = Debug|Any CPU
		{911700BE-7AF4-4B44-87BE-4A4B226548C1}.Debug|Any CPU.Build.0 = Debug|Any CPU
		{911700BE-7AF4-4B44-87BE-4A4B226548C1}.Release|Any CPU.ActiveCfg = Release|Any CPU
		{911700BE-7AF4-4B44-87BE-4A4B226548C1}.Release|Any CPU.Build.0 = Release|Any CPU
		{A4C9F136-1C73-47BC-BD9B-C12C07471E8D}.Debug|Any CPU.ActiveCfg = Debug|Any CPU
		{A4C9F136-1C73-47BC-BD9B-C12C07471E8D}.Debug|Any CPU.Build.0 = Debug|Any CPU
		{A4C9F136-1C73-47BC-BD9B-C12C07471E8D}.Release|Any CPU.ActiveCfg = Release|Any CPU
		{A4C9F136-1C73-47BC-BD9B-C12C07471E8D}.Release|Any CPU.Build.0 = Release|Any CPU
		{60912EBB-6979-4CE2-8A53-B6F44407D96E}.Debug|Any CPU.ActiveCfg = Debug|Any CPU
		{60912EBB-6979-4CE2-8A53-B6F44407D96E}.Debug|Any CPU.Build.0 = Debug|Any CPU
		{60912EBB-6979-4CE2-8A53-B6F44407D96E}.Release|Any CPU.ActiveCfg = Release|Any CPU
		{60912EBB-6979-4CE2-8A53-B6F44407D96E}.Release|Any CPU.Build.0 = Release|Any CPU
		{682BE67C-8FCD-4C59-9043-B1F7080F6404}.Debug|Any CPU.ActiveCfg = Debug|Any CPU
		{682BE67C-8FCD-4C59-9043-B1F7080F6404}.Debug|Any CPU.Build.0 = Debug|Any CPU
		{682BE67C-8FCD-4C59-9043-B1F7080F6404}.Release|Any CPU.ActiveCfg = Release|Any CPU
		{682BE67C-8FCD-4C59-9043-B1F7080F6404}.Release|Any CPU.Build.0 = Release|Any CPU
		{F19D613C-C933-48CA-B288-706C47186D33}.Debug|Any CPU.ActiveCfg = Debug|Any CPU
		{F19D613C-C933-48CA-B288-706C47186D33}.Debug|Any CPU.Build.0 = Debug|Any CPU
		{F19D613C-C933-48CA-B288-706C47186D33}.Release|Any CPU.ActiveCfg = Release|Any CPU
		{F19D613C-C933-48CA-B288-706C47186D33}.Release|Any CPU.Build.0 = Release|Any CPU
		{1D314373-FAC9-4208-9C2A-479FE4E92B3A}.Debug|Any CPU.ActiveCfg = Debug|Any CPU
		{1D314373-FAC9-4208-9C2A-479FE4E92B3A}.Debug|Any CPU.Build.0 = Debug|Any CPU
		{1D314373-FAC9-4208-9C2A-479FE4E92B3A}.Release|Any CPU.ActiveCfg = Release|Any CPU
		{1D314373-FAC9-4208-9C2A-479FE4E92B3A}.Release|Any CPU.Build.0 = Release|Any CPU
		{79759631-53FA-43AD-8EE5-64C9EEB3F2D2}.Debug|Any CPU.ActiveCfg = Debug|Any CPU
		{79759631-53FA-43AD-8EE5-64C9EEB3F2D2}.Debug|Any CPU.Build.0 = Debug|Any CPU
		{79759631-53FA-43AD-8EE5-64C9EEB3F2D2}.Release|Any CPU.ActiveCfg = Release|Any CPU
		{79759631-53FA-43AD-8EE5-64C9EEB3F2D2}.Release|Any CPU.Build.0 = Release|Any CPU
		{61C03F57-114A-427F-BE89-3D49F68FB28E}.Debug|Any CPU.ActiveCfg = Debug|Any CPU
		{61C03F57-114A-427F-BE89-3D49F68FB28E}.Debug|Any CPU.Build.0 = Debug|Any CPU
		{61C03F57-114A-427F-BE89-3D49F68FB28E}.Release|Any CPU.ActiveCfg = Release|Any CPU
		{61C03F57-114A-427F-BE89-3D49F68FB28E}.Release|Any CPU.Build.0 = Release|Any CPU
		{159D0B09-057A-4360-AF04-1E933DB8B133}.Debug|Any CPU.ActiveCfg = Debug|Any CPU
		{159D0B09-057A-4360-AF04-1E933DB8B133}.Debug|Any CPU.Build.0 = Debug|Any CPU
		{159D0B09-057A-4360-AF04-1E933DB8B133}.Release|Any CPU.ActiveCfg = Release|Any CPU
		{159D0B09-057A-4360-AF04-1E933DB8B133}.Release|Any CPU.Build.0 = Release|Any CPU
		{E28D0242-98B8-4A29-B5A2-16E59690D14E}.Debug|Any CPU.ActiveCfg = Debug|Any CPU
		{E28D0242-98B8-4A29-B5A2-16E59690D14E}.Debug|Any CPU.Build.0 = Debug|Any CPU
		{E28D0242-98B8-4A29-B5A2-16E59690D14E}.Release|Any CPU.ActiveCfg = Release|Any CPU
		{E28D0242-98B8-4A29-B5A2-16E59690D14E}.Release|Any CPU.Build.0 = Release|Any CPU
		{138ABAC0-F798-4832-A9E8-EDD094841D7C}.Debug|Any CPU.ActiveCfg = Debug|Any CPU
		{138ABAC0-F798-4832-A9E8-EDD094841D7C}.Debug|Any CPU.Build.0 = Debug|Any CPU
		{138ABAC0-F798-4832-A9E8-EDD094841D7C}.Release|Any CPU.ActiveCfg = Release|Any CPU
		{138ABAC0-F798-4832-A9E8-EDD094841D7C}.Release|Any CPU.Build.0 = Release|Any CPU
		{1B1B29C7-6701-4B8C-AF1D-A32941254FC3}.Debug|Any CPU.ActiveCfg = Debug|Any CPU
		{1B1B29C7-6701-4B8C-AF1D-A32941254FC3}.Debug|Any CPU.Build.0 = Debug|Any CPU
		{1B1B29C7-6701-4B8C-AF1D-A32941254FC3}.Release|Any CPU.ActiveCfg = Release|Any CPU
		{1B1B29C7-6701-4B8C-AF1D-A32941254FC3}.Release|Any CPU.Build.0 = Release|Any CPU
		{4BA3A9C9-9FE5-45FA-B564-E6DA779DC5EB}.Debug|Any CPU.ActiveCfg = Debug|Any CPU
		{4BA3A9C9-9FE5-45FA-B564-E6DA779DC5EB}.Debug|Any CPU.Build.0 = Debug|Any CPU
		{4BA3A9C9-9FE5-45FA-B564-E6DA779DC5EB}.Release|Any CPU.ActiveCfg = Release|Any CPU
		{4BA3A9C9-9FE5-45FA-B564-E6DA779DC5EB}.Release|Any CPU.Build.0 = Release|Any CPU
		{3CC0DCDB-5069-4BC0-A321-F43B3818AC94}.Debug|Any CPU.ActiveCfg = Debug|Any CPU
		{3CC0DCDB-5069-4BC0-A321-F43B3818AC94}.Debug|Any CPU.Build.0 = Debug|Any CPU
		{3CC0DCDB-5069-4BC0-A321-F43B3818AC94}.Release|Any CPU.ActiveCfg = Release|Any CPU
		{3CC0DCDB-5069-4BC0-A321-F43B3818AC94}.Release|Any CPU.Build.0 = Release|Any CPU
		{80A0C6AE-ED1A-4283-9FCA-8CC9C8B1D7CD}.Debug|Any CPU.ActiveCfg = Debug|Any CPU
		{80A0C6AE-ED1A-4283-9FCA-8CC9C8B1D7CD}.Debug|Any CPU.Build.0 = Debug|Any CPU
		{80A0C6AE-ED1A-4283-9FCA-8CC9C8B1D7CD}.Release|Any CPU.ActiveCfg = Release|Any CPU
		{80A0C6AE-ED1A-4283-9FCA-8CC9C8B1D7CD}.Release|Any CPU.Build.0 = Release|Any CPU
		{87814133-1E12-4856-A22C-DCCD06D8BEFD}.Debug|Any CPU.ActiveCfg = Debug|Any CPU
		{87814133-1E12-4856-A22C-DCCD06D8BEFD}.Debug|Any CPU.Build.0 = Debug|Any CPU
		{87814133-1E12-4856-A22C-DCCD06D8BEFD}.Release|Any CPU.ActiveCfg = Release|Any CPU
		{87814133-1E12-4856-A22C-DCCD06D8BEFD}.Release|Any CPU.Build.0 = Release|Any CPU
		{A19E6357-B82F-4C76-AF51-85ECEB90AF1C}.Debug|Any CPU.ActiveCfg = Debug|Any CPU
		{A19E6357-B82F-4C76-AF51-85ECEB90AF1C}.Debug|Any CPU.Build.0 = Debug|Any CPU
		{A19E6357-B82F-4C76-AF51-85ECEB90AF1C}.Release|Any CPU.ActiveCfg = Release|Any CPU
		{A19E6357-B82F-4C76-AF51-85ECEB90AF1C}.Release|Any CPU.Build.0 = Release|Any CPU
		{9F46452A-F66A-4253-8D4E-A2DD5C17ADF4}.Debug|Any CPU.ActiveCfg = Debug|Any CPU
		{9F46452A-F66A-4253-8D4E-A2DD5C17ADF4}.Debug|Any CPU.Build.0 = Debug|Any CPU
		{9F46452A-F66A-4253-8D4E-A2DD5C17ADF4}.Release|Any CPU.ActiveCfg = Release|Any CPU
		{9F46452A-F66A-4253-8D4E-A2DD5C17ADF4}.Release|Any CPU.Build.0 = Release|Any CPU
	EndGlobalSection
	GlobalSection(SolutionProperties) = preSolution
		HideSolutionNode = FALSE
	EndGlobalSection
	GlobalSection(ExtensibilityGlobals) = postSolution
		SolutionGuid = {5E965D30-5714-44A0-8629-89399CB12F48}
	EndGlobalSection
EndGlobal
